
Microsoft Visual Studio Solution File, Format Version 12.00
# Visual Studio Version 16
VisualStudioVersion = 16.0.33529.622
MinimumVisualStudioVersion = 10.0.40219.1
Project("{8BC9CEB8-8B4A-11D0-8D11-00A0C91BC942}") = "CPPcalc", "CPPcalc\CPPcalc.vcxproj", "{74A9E608-975E-4E43-A2D8-4BD7DD0CC1BF}"
EndProject
Global
	GlobalSection(SolutionConfigurationPlatforms) = preSolution
		Debug|x64 = Debug|x64
		Debug|x86 = Debug|x86
		Release|x64 = Release|x64
		Release|x86 = Release|x86
	EndGlobalSection
	GlobalSection(ProjectConfigurationPlatforms) = postSolution
		{74A9E608-975E-4E43-A2D8-4BD7DD0CC1BF}.Debug|x64.ActiveCfg = Debug|x64
		{74A9E608-975E-4E43-A2D8-4BD7DD0CC1BF}.Debug|x64.Build.0 = Debug|x64
		{74A9E608-975E-4E43-A2D8-4BD7DD0CC1BF}.Debug|x86.ActiveCfg = Debug|Win32
		{74A9E608-975E-4E43-A2D8-4BD7DD0CC1BF}.Debug|x86.Build.0 = Debug|Win32
		{74A9E608-975E-4E43-A2D8-4BD7DD0CC1BF}.Release|x64.ActiveCfg = Release|x64
		{74A9E608-975E-4E43-A2D8-4BD7DD0CC1BF}.Release|x64.Build.0 = Release|x64
		{74A9E608-975E-4E43-A2D8-4BD7DD0CC1BF}.Release|x86.ActiveCfg = Release|Win32
		{74A9E608-975E-4E43-A2D8-4BD7DD0CC1BF}.Release|x86.Build.0 = Release|Win32
	EndGlobalSection
	GlobalSection(SolutionProperties) = preSolution
		HideSolutionNode = FALSE
	EndGlobalSection
	GlobalSection(ExtensibilityGlobals) = postSolution
		SolutionGuid = {3CAD1D56-7D8A-4097-9FF9-1576695F81FA}
	EndGlobalSection
EndGlobal
